{
  "version": 4,
  "terraform_version": "1.0.4",
  "serial": 633,
  "lineage": "c3bf8f95-77fd-b968-0951-ea1304ebd524",
  "outputs": {
    "key": {
      "value": "AKIAT24D65KQS3IJLTQZ",
      "type": "string"
    },
    "password": {
      "value": "wcDMAwowjc+1DMg4AQwAXX5qz2cJqLI2IsdgysKrRaLTLxn6DcHaRtVbkrfTuLxqPwos0PMobJPAyh+rFV51uI4I6V3xsXx4KfRsp0iwUDJwdr6b4prxTCb6nYK1COJSssDhiA6tNrrfetHmlt/ufqIWcuiL3TDYHbnlf/Pw4hvB1ZHg2q8TTrTjgjJ2veiDAeLBesxv/i5k1Df4Vle8Q70F7t+xD9785Va//reTutdORC4HhU5l+iqaU/T6eIzG1oZR36pP8I27vFM0YXxW/CoL6C9NpbTbfYj0QXVEPE6oHq0pbGsrMj5c/KKTXz99W7py1/g14zPbvEpc3ta9TX8T3qHi6+5YGBsGZ+CmjdJZtxnASMvjj0jXLLbo7E8qcVSM8ch9pWLY92A+Q/AcVp+Ff4sxbDjI7QQxXzxT2engs3VKI4wCs6uG3S3bri7/BfA0+pt8KLA03A8D0fychA8A1tsa6ds99VCg20c2gcphDsS3NrmpInOqjiYjsYBaJgTKrgQ2nzi1dpazcqNa0uAB5JbPjqXKc1I8C+f+I7gBIhThaKvgKOAl4eiX4IviBiVYEODv4zSv3eSb26PO4AXhzCrgh+RSyg5QJJeX4dLoBW7HWAKq4reMno3hbygA",
      "type": "string"
    },
    "secret": {
      "value": "wcDMAwowjc+1DMg4AQwAKVQMwYd0JvwNoIblp8Co8ZwE1hnDzKN/U/Kdm0to27s2vRF5dhLdJ/Nfp+PHy6kOqZY0IhSFl/p/nx1C+5ZMhfA1LOMmCkbK8sMyt2pt3P98m7EuiEvrzMG/LK/+krSPUPUitZxqWjtsbLjERsISrZIhGc+LOFHI1UGMRu1kZVIFUcba9dXr97ThgOk2ZfL8aXZzMMZRcEkI0XctDcWwZfXmDMnhLzOh0DTfiEtGhTPWsQXTNeglDt87WrrFj5DSbZiJNS/BtnX0wvuDU6q6RkMMQh6x5uv4/+bSmDRt2K7JeozWKbLb4ePvfMCV+8llVSX2ahdm0SEiPvAQNDeebJU3R5rvxFTKLk47hbCirbP36H/2NTLJKrkz6uBJwTxKHSA9694L4N6I/4TEwHMZFgQvh2opqoV9HqO+TrAkExLN60AAvM+jfIa8yfqT4owyHSkcfRKDap/a7s+1w+Lng13TdZxYFLFmLOeR2gNVHi9ivAjgrQoHXt2FAbc4Jxlj0uAB5DpwCLt3wth5J8WFdOMYQInhvPrg1+Dv4blE4Bbi3ejuIOBC5THIxsSWgiq2D29pO0PSEq9/xj9bpjfnzn69wuKf0ajD4LrjAXElkn8Fjefg9eRYudFxiOOzUF1GTL6LiXST4r4ylKnhbJ0A",
      "type": "string"
    }
  },
  "resources": [
    {
      "mode": "data",
      "type": "aws_caller_identity",
      "name": "current",
      "provider": "provider[\"registry.terraform.io/hashicorp/aws\"]",
      "instances": [
        {
          "schema_version": 0,
          "attributes": {
            "account_id": "263880370849",
            "arn": "arn:aws:iam::263880370849:user/ts01",
            "id": "263880370849",
            "user_id": "AIDAT24D65KQ2MWEK6XUP"
          },
          "sensitive_attributes": []
        }
      ]
    },
    {
      "mode": "data",
      "type": "aws_iam_policy_document",
      "name": "EKSClusterAutoscaling",
      "provider": "provider[\"registry.terraform.io/hashicorp/aws\"]",
      "instances": [
        {
          "schema_version": 0,
          "attributes": {
            "id": "4160268706",
            "json": "{\n  \"Version\": \"2012-10-17\",\n  \"Statement\": [\n    {\n      \"Sid\": \"EKSClusterAutoscaling\",\n      \"Effect\": \"Allow\",\n      \"Action\": [\n        \"ec2:DescribeLaunchTemplateVersions\",\n        \"autoscaling:TerminateInstanceInAutoScalingGroup\",\n        \"autoscaling:SetDesiredCapacity\",\n        \"autoscaling:DescribeTags\",\n        \"autoscaling:DescribeLaunchConfigurations\",\n        \"autoscaling:DescribeAutoScalingInstances\",\n        \"autoscaling:DescribeAutoScalingGroups\"\n      ],\n      \"Resource\": \"*\"\n    }\n  ]\n}",
            "override_json": null,
            "override_policy_documents": null,
            "policy_id": null,
            "source_json": null,
            "source_policy_documents": null,
            "statement": [
              {
                "actions": [
                  "autoscaling:DescribeAutoScalingGroups",
                  "autoscaling:DescribeAutoScalingInstances",
                  "autoscaling:DescribeLaunchConfigurations",
                  "autoscaling:DescribeTags",
                  "autoscaling:SetDesiredCapacity",
                  "autoscaling:TerminateInstanceInAutoScalingGroup",
                  "ec2:DescribeLaunchTemplateVersions"
                ],
                "condition": [],
                "effect": "Allow",
                "not_actions": [],
                "not_principals": [],
                "not_resources": [],
                "principals": [],
                "resources": [
                  "*"
                ],
                "sid": "EKSClusterAutoscaling"
              }
            ],
            "version": "2012-10-17"
          },
          "sensitive_attributes": []
        }
      ]
    },
    {
      "mode": "data",
      "type": "aws_iam_policy_document",
      "name": "EKSFullAccess",
      "provider": "provider[\"registry.terraform.io/hashicorp/aws\"]",
      "instances": [
        {
          "schema_version": 0,
          "attributes": {
            "id": "2499262574",
            "json": "{\n  \"Version\": \"2012-10-17\",\n  \"Statement\": [\n    {\n      \"Sid\": \"EKSFullAccess\",\n      \"Effect\": \"Allow\",\n      \"Action\": [\n        \"eks:*\",\n        \"ecr:*\"\n      ],\n      \"Resource\": \"*\"\n    }\n  ]\n}",
            "override_json": null,
            "override_policy_documents": null,
            "policy_id": null,
            "source_json": null,
            "source_policy_documents": null,
            "statement": [
              {
                "actions": [
                  "ecr:*",
                  "eks:*"
                ],
                "condition": [],
                "effect": "Allow",
                "not_actions": [],
                "not_principals": [],
                "not_resources": [],
                "principals": [],
                "resources": [
                  "*"
                ],
                "sid": "EKSFullAccess"
              }
            ],
            "version": "2012-10-17"
          },
          "sensitive_attributes": []
        }
      ]
    },
    {
      "mode": "data",
      "type": "aws_iam_policy_document",
      "name": "Serverless",
      "provider": "provider[\"registry.terraform.io/hashicorp/aws\"]",
      "instances": [
        {
          "schema_version": 0,
          "attributes": {
            "id": "437986749",
            "json": "{\n  \"Version\": \"2012-10-17\",\n  \"Statement\": [\n    {\n      \"Sid\": \"Serverless\",\n      \"Effect\": \"Allow\",\n      \"Action\": [\n        \"logs:*\",\n        \"lambda:*\",\n        \"apigateway:*\"\n      ],\n      \"Resource\": \"*\"\n    }\n  ]\n}",
            "override_json": null,
            "override_policy_documents": null,
            "policy_id": null,
            "source_json": null,
            "source_policy_documents": null,
            "statement": [
              {
                "actions": [
                  "apigateway:*",
                  "lambda:*",
                  "logs:*"
                ],
                "condition": [],
                "effect": "Allow",
                "not_actions": [],
                "not_principals": [],
                "not_resources": [],
                "principals": [],
                "resources": [
                  "*"
                ],
                "sid": "Serverless"
              }
            ],
            "version": "2012-10-17"
          },
          "sensitive_attributes": []
        }
      ]
    },
    {
      "mode": "data",
      "type": "aws_iam_policy_document",
      "name": "eksdude",
      "provider": "provider[\"registry.terraform.io/hashicorp/aws\"]",
      "instances": [
        {
          "schema_version": 0,
          "attributes": {
            "id": "1752142667",
            "json": "{\n  \"Version\": \"2012-10-17\",\n  \"Statement\": [\n    {\n      \"Sid\": \"\",\n      \"Effect\": \"Allow\",\n      \"Action\": [\n        \"iam:GetAccountPasswordPolicy\",\n        \"iam:ChangePassword\"\n      ],\n      \"Resource\": \"arn:aws:iam::263880370849:user/eksdude\"\n    }\n  ]\n}",
            "override_json": null,
            "override_policy_documents": null,
            "policy_id": null,
            "source_json": null,
            "source_policy_documents": null,
            "statement": [
              {
                "actions": [
                  "iam:ChangePassword",
                  "iam:GetAccountPasswordPolicy"
                ],
                "condition": [],
                "effect": "Allow",
                "not_actions": [],
                "not_principals": [],
                "not_resources": [],
                "principals": [],
                "resources": [
                  "arn:aws:iam::263880370849:user/eksdude"
                ],
                "sid": ""
              }
            ],
            "version": "2012-10-17"
          },
          "sensitive_attributes": []
        }
      ]
    },
    {
      "mode": "data",
      "type": "aws_iam_policy_document",
      "name": "iamPassRole",
      "provider": "provider[\"registry.terraform.io/hashicorp/aws\"]",
      "instances": [
        {
          "schema_version": 0,
          "attributes": {
            "id": "1785610347",
            "json": "{\n  \"Version\": \"2012-10-17\",\n  \"Statement\": [\n    {\n      \"Sid\": \"\",\n      \"Effect\": \"Allow\",\n      \"Action\": [\n        \"ssm:GetParameter\",\n        \"iam:PutRolePolicy\",\n        \"iam:PassRole\",\n        \"iam:DetachRolePolicy\",\n        \"iam:DeleteRolePolicy\",\n        \"iam:DeleteRole\",\n        \"iam:DeleteOpenIDConnectProvider\",\n        \"iam:CreateServiceLinkedRole\",\n        \"iam:CreateRole\",\n        \"iam:CreateOpenIDConnectProvider\",\n        \"iam:CreateInstanceProfile\",\n        \"iam:AttachRolePolicy\"\n      ],\n      \"Resource\": [\n        \"arn:aws:ssm:*\",\n        \"arn:aws:iam::263880370849:role/*\",\n        \"arn:aws:iam::263880370849:oidc-provider/oidc.eks.us-west-2.amazonaws.com/*\",\n        \"arn:aws:iam::263880370849:oidc-provider/oidc.eks.us-west-2.amazonaws.com\"\n      ]\n    }\n  ]\n}",
            "override_json": null,
            "override_policy_documents": null,
            "policy_id": null,
            "source_json": null,
            "source_policy_documents": null,
            "statement": [
              {
                "actions": [
                  "iam:AttachRolePolicy",
                  "iam:CreateInstanceProfile",
                  "iam:CreateOpenIDConnectProvider",
                  "iam:CreateRole",
                  "iam:CreateServiceLinkedRole",
                  "iam:DeleteOpenIDConnectProvider",
                  "iam:DeleteRole",
                  "iam:DeleteRolePolicy",
                  "iam:DetachRolePolicy",
                  "iam:PassRole",
                  "iam:PutRolePolicy",
                  "ssm:GetParameter"
                ],
                "condition": [],
                "effect": "Allow",
                "not_actions": [],
                "not_principals": [],
                "not_resources": [],
                "principals": [],
                "resources": [
                  "arn:aws:iam::263880370849:oidc-provider/oidc.eks.us-west-2.amazonaws.com",
                  "arn:aws:iam::263880370849:oidc-provider/oidc.eks.us-west-2.amazonaws.com/*",
                  "arn:aws:iam::263880370849:role/*",
                  "arn:aws:ssm:*"
                ],
                "sid": ""
              }
            ],
            "version": "2012-10-17"
          },
          "sensitive_attributes": []
        }
      ]
    },
    {
      "mode": "managed",
      "type": "aws_iam_access_key",
      "name": "eksdude",
      "provider": "provider[\"registry.terraform.io/hashicorp/aws\"]",
      "instances": [
        {
          "schema_version": 0,
          "attributes": {
            "create_date": "2021-08-09T23:18:35Z",
            "encrypted_secret": "wcDMAwowjc+1DMg4AQwAKVQMwYd0JvwNoIblp8Co8ZwE1hnDzKN/U/Kdm0to27s2vRF5dhLdJ/Nfp+PHy6kOqZY0IhSFl/p/nx1C+5ZMhfA1LOMmCkbK8sMyt2pt3P98m7EuiEvrzMG/LK/+krSPUPUitZxqWjtsbLjERsISrZIhGc+LOFHI1UGMRu1kZVIFUcba9dXr97ThgOk2ZfL8aXZzMMZRcEkI0XctDcWwZfXmDMnhLzOh0DTfiEtGhTPWsQXTNeglDt87WrrFj5DSbZiJNS/BtnX0wvuDU6q6RkMMQh6x5uv4/+bSmDRt2K7JeozWKbLb4ePvfMCV+8llVSX2ahdm0SEiPvAQNDeebJU3R5rvxFTKLk47hbCirbP36H/2NTLJKrkz6uBJwTxKHSA9694L4N6I/4TEwHMZFgQvh2opqoV9HqO+TrAkExLN60AAvM+jfIa8yfqT4owyHSkcfRKDap/a7s+1w+Lng13TdZxYFLFmLOeR2gNVHi9ivAjgrQoHXt2FAbc4Jxlj0uAB5DpwCLt3wth5J8WFdOMYQInhvPrg1+Dv4blE4Bbi3ejuIOBC5THIxsSWgiq2D29pO0PSEq9/xj9bpjfnzn69wuKf0ajD4LrjAXElkn8Fjefg9eRYudFxiOOzUF1GTL6LiXST4r4ylKnhbJ0A",
            "encrypted_ses_smtp_password_v4": "wcDMAwowjc+1DMg4AQwAhJ831AsT8cerWZpjvV/uy3jWlBLwb8I+qmxysZJ9vVsMAeYdubxzATpCF/mwUCeX1HFToMkG6i4lhhI6kkcCl9bg3qYhcJ6lGoxwa1W//pnzX1I1b1W4eFm5vvJfhubO7NdK44/DZo/XoTWt+87xRWRdpSBvFVZYHsi2WRRbCaZ7qpTr9qc+Lv8vxpwmFmSU6djwuPuRIgf6WClqEZm4CDE4bg5Z1fbPDlRFSWVyf2rr2nCZxQqkD7G2EJr5s2ju8acyW1Oo6rhaQJJI9RuYE06NX1Vz7my2lEu54DNSaTVc8pfVbXCZRL2ftS5hPEoGJ3QyZ3ZH4emKQLiE71hClS66fZx7q1Yt3zDdM6fjz7Wouu9kRi1p3jBIjRo8YjSNy+7W+y6shrdPftsTI563tSjYcS16nv93BXNsE6oLV1F+Fg9CdcZB5F4z+uHmZMGC/GC+on8R/tjQae4/RlROAM/o/m/nrLZ/NzvdiRuvktmhN5zYVBDLq17QgAg/6fU30uAB5PIzQsG7AWaDzwjfu0g+stzhXBfgz+At4euU4HLi8U0KjeDw5VzicUaY+baXXKiVIEkNpiX9GLyuxrlR3Mf586rbsocF4DDjRyy0rLpBtObgyOLyIsql4Mnk6e9TXrdiONoNPncjEPqmKeIfI3yh4ZZwAA==",
            "id": "AKIAT24D65KQS3IJLTQZ",
            "key_fingerprint": "5a5c30c4006209dc9d476a40ef2b6a1758dac620",
            "pgp_key": "mQGNBGERf5YBDADVy/6MuSisdowZ4HHuFC1EFSIdRGBFdeZh6WdyRDue3srhTc5Oz0NoagbCr5+ohrJNWB8nG6NtZVJ1ihzbcDUqyjFPiqVUuPzafzkXGTuHni6FYyjWM7VEfxQiWyTrUcqI2bysEljPIR0pU5rU/tLLVu3O9vNM73/Mm4WF1VvcojL89mtrPclboDDUJLDpJkbNaAJ63PxsnmQRRiEVGCqmJsYVEKUQQnqV30NlgYGjiSsyIYQelh7yl8CjeeNtKJPVzBDTskZCn42mVjQwLm7SoqJI3eaehVPJ7bl79KxcIb0SAqZEhz8XnWUcU4Nktx2AQQpeyvKE55d19mXT5aWe8h/kak0uIsSSFVdzKFxr/ZWBhjUQtExRbA+6q0od/l0jffRNS5KntmfoXUtUll8sApQHho55atOIkZVmyzWjIJ6wNyLL1+ZlQkgaLi8C/uUrdwKdByvlUCdXJbtodsz0iKTbI1N2YmE7FERZxERBOKHIp+fABF0ljQAxvsmrjZ8AEQEAAbQoTGVvIFRpdW5uIChFS1MgZGVtbykgPGNoaWhzaHVuQGxpdmUuY29tPokBzgQTAQoAOBYhBFpcMMQAYgncnUdqQO8rahdY2sYgBQJhEX+WAhsDBQsJCAcCBhUKCQgLAgQWAgMBAh4BAheAAAoJEO8rahdY2sYgOyoMAME1IRk/o+vcbiSk5pc/yIk98Z5okKVR2E3EEsElXtuBbHMgDrqnCsNxTuHbSIY0UHpKohmv12Zute3vigClh4Eo7BnHLUPmZ379oVhinORi9CXO9gcGMAKN/2pA4W82KGWDEqu2goSn90dANy88NMrjK7RJyYPgd9q+UI3YIA7zPIShhfcwm90UdoR196UXd7puXCLoyOpT8LBTQhxpW79rekrsqGySBXYLXT4LW6BvaIWbuqqXqfjqxJw+C8dgTORhhHadVsjBjlY/Byvb4jd3hdKnPrSFA3Tr8Mj+CWXlOhIqtoe2hBldW+0JKD4qrVrHmA2Bg9BBKSgUCFfT7vZvYbQOBnyZ7Q32Rza66ZzzLflwxynTtosS1R7qz3knWOj1JaOykd6R3yuKJIaqAeGZ+6UGxKL5P7XJhmsAGPYLmuDjqrzx5kMP40a9LNoOQ98Y6a4ygcrLbwc4/43vdyjv/lAa9SWfZM9pErGeoh3wHKj0XHUnrcjEXrpV1hAnS7kBjQRhEX+WAQwAyxsHoA2VRnM6t3sZsjlcyO9TFt7+VrtRjsaiDJlrGmyI+B3fx4kO5qNK+Jb/mXJcRBF5hN6gSxGvdo7nVuAVnM7REm1SMkJe/JFg34X4a5Rizx1dfh+TL4G7vBvO9Han4TsnsJ7qxd9qrwSzUGe4jZG8LEsdsb/u8ZIPMYnLKZ5FBK2JaeOSxW6TjegQ/FghecyM4QU6J/8RaFCE5QioNIfmsOqwq2HgczMmEewjN4RW+gCJf49TteKC5CNUQjIUc53eKJezEGt9HmYruLZd8rZcGidME5crDbt/Ha7gbi6ol0IVA1DFYFWVxj2Yrpq3hPVTniY5TEHU4eQiDHpjHpzrFarrtqE7XmeD61oPqnV6vGN0gkgDhWLZDtvABVlAAK7PkHA4W8BOowrOycnJfXBAgMk3gy3ZZwsswjuPKrZPfm3XEWgq9rqJJXL3fQzgk3mEtC91WAzdMegrKNam/4sXIgKsNgt6Ky/FoUSll2UDDWXGIqmQwOHSwW0ujmknABEBAAGJAbYEGAEKACAWIQRaXDDEAGIJ3J1HakDvK2oXWNrGIAUCYRF/lgIbDAAKCRDvK2oXWNrGIGXjDAC5iPr/zm4PukXSUncWZHg08KPbQgIUbEx2Be0uPnz3bIzf1ZCIy3WMuixO1ohwveJH/0ncKJ3E+yTvnkpaAwEfIbCxe11vhu8gRoNBjGSkVkvMJhQt5sTGa4kv3mHrd8gNMJzB/enZHxoUZuQaT7fEq3YJJFsySnlF96Ps1wFHqyS0H3SLiPX5wA9mSUTs5oQSgzGwhKAZLY+DjP1n3Vc9Pf9hsBhEEwweYqUV7cqUJHcO8eMV5mHigCMcjWdXmXI4BQSG09iqBYgzbdFJzIDRCFQhc0FQe4LXWGNGEEeZkDHQocmdHpyptOiv0T96soE3b8TbxT4uhAkaaXqmQtSoHxgG9hAfKRg6rGPx9B4m+eI1fc6DURv7JgZG5LBdJL5DRNH3rlrB4ayZE8U+Fhi91w79Vv1pEOzL3Dx9dRgNpz7OQhbbBbRX88vuURxLyWahRtP3Uv3PeksLHWx8Qa74NZRkkdo4PjL94bubICzxUEFxWp01HpulbeifuExaXlc=",
            "secret": null,
            "ses_smtp_password_v4": null,
            "status": "Active",
            "user": "eksdude"
          },
          "sensitive_attributes": [],
          "private": "bnVsbA==",
          "dependencies": [
            "aws_iam_user.eksdude"
          ]
        }
      ]
    },
    {
      "mode": "managed",
      "type": "aws_iam_group",
      "name": "EKSDemoGroup",
      "provider": "provider[\"registry.terraform.io/hashicorp/aws\"]",
      "instances": [
        {
          "schema_version": 0,
          "attributes": {
            "arn": "arn:aws:iam::263880370849:group/EKSDemoGroup",
            "id": "EKSDemoGroup",
            "name": "EKSDemoGroup",
            "path": "/",
            "unique_id": "AGPAT24D65KQ4H7X5QK3F"
          },
          "sensitive_attributes": [],
          "private": "bnVsbA=="
        }
      ]
    },
    {
      "mode": "managed",
      "type": "aws_iam_group_policy",
      "name": "iamPassRole",
      "provider": "provider[\"registry.terraform.io/hashicorp/aws\"]",
      "instances": [
        {
          "schema_version": 0,
          "attributes": {
            "group": "EKSDemoGroup",
            "id": "EKSDemoGroup:iamPassRole",
            "name": "iamPassRole",
            "name_prefix": null,
            "policy": "{\n  \"Version\": \"2012-10-17\",\n  \"Statement\": [\n    {\n      \"Sid\": \"\",\n      \"Effect\": \"Allow\",\n      \"Action\": [\n        \"ssm:GetParameter\",\n        \"iam:PutRolePolicy\",\n        \"iam:PassRole\",\n        \"iam:DetachRolePolicy\",\n        \"iam:DeleteRolePolicy\",\n        \"iam:DeleteRole\",\n        \"iam:DeleteOpenIDConnectProvider\",\n        \"iam:CreateServiceLinkedRole\",\n        \"iam:CreateRole\",\n        \"iam:CreateOpenIDConnectProvider\",\n        \"iam:CreateInstanceProfile\",\n        \"iam:AttachRolePolicy\"\n      ],\n      \"Resource\": [\n        \"arn:aws:ssm:*\",\n        \"arn:aws:iam::263880370849:role/*\",\n        \"arn:aws:iam::263880370849:oidc-provider/oidc.eks.us-west-2.amazonaws.com/*\",\n        \"arn:aws:iam::263880370849:oidc-provider/oidc.eks.us-west-2.amazonaws.com\"\n      ]\n    }\n  ]\n}"
          },
          "sensitive_attributes": [],
          "private": "bnVsbA==",
          "dependencies": [
            "aws_iam_group.EKSDemoGroup",
            "data.aws_iam_policy_document.iamPassRole"
          ]
        }
      ]
    },
    {
      "mode": "managed",
      "type": "aws_iam_group_policy_attachment",
      "name": "AWSCloudFormationFullAccess",
      "provider": "provider[\"registry.terraform.io/hashicorp/aws\"]",
      "instances": [
        {
          "schema_version": 0,
          "attributes": {
            "group": "EKSDemoGroup",
            "id": "EKSDemoGroup-20210809231835358900000004",
            "policy_arn": "arn:aws:iam::aws:policy/AWSCloudFormationFullAccess"
          },
          "sensitive_attributes": [],
          "private": "bnVsbA==",
          "dependencies": [
            "aws_iam_group.EKSDemoGroup"
          ]
        }
      ]
    },
    {
      "mode": "managed",
      "type": "aws_iam_group_policy_attachment",
      "name": "AmazonEC2FullAccess",
      "provider": "provider[\"registry.terraform.io/hashicorp/aws\"]",
      "instances": [
        {
          "schema_version": 0,
          "attributes": {
            "group": "EKSDemoGroup",
            "id": "EKSDemoGroup-20210809231835562100000006",
            "policy_arn": "arn:aws:iam::aws:policy/AmazonEC2FullAccess"
          },
          "sensitive_attributes": [],
          "private": "bnVsbA==",
          "dependencies": [
            "aws_iam_group.EKSDemoGroup"
          ]
        }
      ]
    },
    {
      "mode": "managed",
      "type": "aws_iam_group_policy_attachment",
      "name": "AmazonS3FullAccess",
      "provider": "provider[\"registry.terraform.io/hashicorp/aws\"]",
      "instances": [
        {
          "schema_version": 0,
          "attributes": {
            "group": "EKSDemoGroup",
            "id": "EKSDemoGroup-20210809231835562100000005",
            "policy_arn": "arn:aws:iam::aws:policy/AmazonS3FullAccess"
          },
          "sensitive_attributes": [],
          "private": "bnVsbA==",
          "dependencies": [
            "aws_iam_group.EKSDemoGroup"
          ]
        }
      ]
    },
    {
      "mode": "managed",
      "type": "aws_iam_group_policy_attachment",
      "name": "AmazonSNSReadOnlyAccess",
      "provider": "provider[\"registry.terraform.io/hashicorp/aws\"]",
      "instances": [
        {
          "schema_version": 0,
          "attributes": {
            "group": "EKSDemoGroup",
            "id": "EKSDemoGroup-20210809231835196300000001",
            "policy_arn": "arn:aws:iam::aws:policy/AmazonSNSReadOnlyAccess"
          },
          "sensitive_attributes": [],
          "private": "bnVsbA==",
          "dependencies": [
            "aws_iam_group.EKSDemoGroup"
          ]
        }
      ]
    },
    {
      "mode": "managed",
      "type": "aws_iam_group_policy_attachment",
      "name": "AmazonVPCFullAccess",
      "provider": "provider[\"registry.terraform.io/hashicorp/aws\"]",
      "instances": [
        {
          "schema_version": 0,
          "attributes": {
            "group": "EKSDemoGroup",
            "id": "EKSDemoGroup-20210809231835576800000007",
            "policy_arn": "arn:aws:iam::aws:policy/AmazonVPCFullAccess"
          },
          "sensitive_attributes": [],
          "private": "bnVsbA==",
          "dependencies": [
            "aws_iam_group.EKSDemoGroup"
          ]
        }
      ]
    },
    {
      "mode": "managed",
      "type": "aws_iam_group_policy_attachment",
      "name": "DynamoFullAccess",
      "provider": "provider[\"registry.terraform.io/hashicorp/aws\"]",
      "instances": [
        {
          "schema_version": 0,
          "attributes": {
            "group": "EKSDemoGroup",
            "id": "EKSDemoGroup-20210809231835196300000002",
            "policy_arn": "arn:aws:iam::aws:policy/AmazonDynamoDBFullAccess"
          },
          "sensitive_attributes": [],
          "private": "bnVsbA==",
          "dependencies": [
            "aws_iam_group.EKSDemoGroup"
          ]
        }
      ]
    },
    {
      "mode": "managed",
      "type": "aws_iam_group_policy_attachment",
      "name": "EKSDemoGroupServerless",
      "provider": "provider[\"registry.terraform.io/hashicorp/aws\"]",
      "instances": [
        {
          "schema_version": 0,
          "attributes": {
            "group": "EKSDemoGroup",
            "id": "EKSDemoGroup-2021080923183591740000000a",
            "policy_arn": "arn:aws:iam::263880370849:policy/Serverless"
          },
          "sensitive_attributes": [],
          "private": "bnVsbA==",
          "dependencies": [
            "aws_iam_group.EKSDemoGroup",
            "aws_iam_policy.Serverless",
            "data.aws_iam_policy_document.Serverless"
          ]
        }
      ]
    },
    {
      "mode": "managed",
      "type": "aws_iam_group_policy_attachment",
      "name": "EKSFullAccess",
      "provider": "provider[\"registry.terraform.io/hashicorp/aws\"]",
      "instances": [
        {
          "schema_version": 0,
          "attributes": {
            "group": "EKSDemoGroup",
            "id": "EKSDemoGroup-20210809231835913100000009",
            "policy_arn": "arn:aws:iam::263880370849:policy/EKSFullAccess"
          },
          "sensitive_attributes": [],
          "private": "bnVsbA==",
          "dependencies": [
            "aws_iam_group.EKSDemoGroup",
            "aws_iam_policy.EKSFullAccess",
            "data.aws_iam_policy_document.EKSFullAccess"
          ]
        }
      ]
    },
    {
      "mode": "managed",
      "type": "aws_iam_group_policy_attachment",
      "name": "IAMReadOnlyAccess",
      "provider": "provider[\"registry.terraform.io/hashicorp/aws\"]",
      "instances": [
        {
          "schema_version": 0,
          "attributes": {
            "group": "EKSDemoGroup",
            "id": "EKSDemoGroup-20210809231835201200000003",
            "policy_arn": "arn:aws:iam::aws:policy/IAMReadOnlyAccess"
          },
          "sensitive_attributes": [],
          "private": "bnVsbA==",
          "dependencies": [
            "aws_iam_group.EKSDemoGroup"
          ]
        }
      ]
    },
    {
      "mode": "managed",
      "type": "aws_iam_policy",
      "name": "EKSClusterAutoscaling",
      "provider": "provider[\"registry.terraform.io/hashicorp/aws\"]",
      "instances": [
        {
          "schema_version": 0,
          "attributes": {
            "arn": "arn:aws:iam::263880370849:policy/EKSClusterAutoscaling",
            "description": "",
            "id": "arn:aws:iam::263880370849:policy/EKSClusterAutoscaling",
            "name": "EKSClusterAutoscaling",
            "name_prefix": null,
            "path": "/",
            "policy": "{\n  \"Version\": \"2012-10-17\",\n  \"Statement\": [\n    {\n      \"Sid\": \"EKSClusterAutoscaling\",\n      \"Effect\": \"Allow\",\n      \"Action\": [\n        \"ec2:DescribeLaunchTemplateVersions\",\n        \"autoscaling:TerminateInstanceInAutoScalingGroup\",\n        \"autoscaling:SetDesiredCapacity\",\n        \"autoscaling:DescribeTags\",\n        \"autoscaling:DescribeLaunchConfigurations\",\n        \"autoscaling:DescribeAutoScalingInstances\",\n        \"autoscaling:DescribeAutoScalingGroups\"\n      ],\n      \"Resource\": \"*\"\n    }\n  ]\n}",
            "policy_id": "ANPAT24D65KQ5PDYN3CDW",
            "tags": null,
            "tags_all": {}
          },
          "sensitive_attributes": [],
          "private": "bnVsbA==",
          "dependencies": [
            "data.aws_iam_policy_document.EKSClusterAutoscaling"
          ]
        }
      ]
    },
    {
      "mode": "managed",
      "type": "aws_iam_policy",
      "name": "EKSFullAccess",
      "provider": "provider[\"registry.terraform.io/hashicorp/aws\"]",
      "instances": [
        {
          "schema_version": 0,
          "attributes": {
            "arn": "arn:aws:iam::263880370849:policy/EKSFullAccess",
            "description": "",
            "id": "arn:aws:iam::263880370849:policy/EKSFullAccess",
            "name": "EKSFullAccess",
            "name_prefix": null,
            "path": "/",
            "policy": "{\n  \"Version\": \"2012-10-17\",\n  \"Statement\": [\n    {\n      \"Sid\": \"EKSFullAccess\",\n      \"Effect\": \"Allow\",\n      \"Action\": [\n        \"eks:*\",\n        \"ecr:*\"\n      ],\n      \"Resource\": \"*\"\n    }\n  ]\n}",
            "policy_id": "ANPAT24D65KQ2HK6GAJCE",
            "tags": null,
            "tags_all": {}
          },
          "sensitive_attributes": [],
          "private": "bnVsbA==",
          "dependencies": [
            "data.aws_iam_policy_document.EKSFullAccess"
          ]
        }
      ]
    },
    {
      "mode": "managed",
      "type": "aws_iam_policy",
      "name": "Serverless",
      "provider": "provider[\"registry.terraform.io/hashicorp/aws\"]",
      "instances": [
        {
          "schema_version": 0,
          "attributes": {
            "arn": "arn:aws:iam::263880370849:policy/Serverless",
            "description": "",
            "id": "arn:aws:iam::263880370849:policy/Serverless",
            "name": "Serverless",
            "name_prefix": null,
            "path": "/",
            "policy": "{\n  \"Version\": \"2012-10-17\",\n  \"Statement\": [\n    {\n      \"Sid\": \"Serverless\",\n      \"Effect\": \"Allow\",\n      \"Action\": [\n        \"logs:*\",\n        \"lambda:*\",\n        \"apigateway:*\"\n      ],\n      \"Resource\": \"*\"\n    }\n  ]\n}",
            "policy_id": "ANPAT24D65KQ5IKOHHZZL",
            "tags": null,
            "tags_all": {}
          },
          "sensitive_attributes": [],
          "private": "bnVsbA==",
          "dependencies": [
            "data.aws_iam_policy_document.Serverless"
          ]
        }
      ]
    },
    {
      "mode": "managed",
      "type": "aws_iam_role",
      "name": "EKSServiceRole",
      "provider": "provider[\"registry.terraform.io/hashicorp/aws\"]",
      "instances": [
        {
          "schema_version": 0,
          "attributes": {
            "arn": "arn:aws:iam::263880370849:role/EKSServiceRole",
            "assume_role_policy": "{\"Version\":\"2012-10-17\",\"Statement\":[{\"Sid\":\"\",\"Effect\":\"Allow\",\"Principal\":{\"Service\":\"eks.amazonaws.com\"},\"Action\":\"sts:AssumeRole\"}]}",
            "create_date": "2021-08-09T23:18:34Z",
            "description": "",
            "force_detach_policies": false,
            "id": "EKSServiceRole",
            "inline_policy": [
              {
                "name": "",
                "policy": ""
              }
            ],
            "managed_policy_arns": [],
            "max_session_duration": 3600,
            "name": "EKSServiceRole",
            "name_prefix": null,
            "path": "/",
            "permissions_boundary": null,
            "tags": null,
            "tags_all": {},
            "unique_id": "AROAT24D65KQZMOLTQGUS"
          },
          "sensitive_attributes": [],
          "private": "bnVsbA=="
        }
      ]
    },
    {
      "mode": "managed",
      "type": "aws_iam_role",
      "name": "kubeLambda",
      "provider": "provider[\"registry.terraform.io/hashicorp/aws\"]",
      "instances": [
        {
          "schema_version": 0,
          "attributes": {
            "arn": "arn:aws:iam::263880370849:role/kubeLambda",
            "assume_role_policy": "{\"Version\":\"2012-10-17\",\"Statement\":[{\"Sid\":\"\",\"Effect\":\"Allow\",\"Principal\":{\"Service\":\"lambda.amazonaws.com\"},\"Action\":\"sts:AssumeRole\"}]}",
            "create_date": "2021-08-09T23:18:34Z",
            "description": "Allows Lambda functions to make kubernetes calls on our cluster.",
            "force_detach_policies": false,
            "id": "kubeLambda",
            "inline_policy": [
              {
                "name": "",
                "policy": ""
              }
            ],
            "managed_policy_arns": [],
            "max_session_duration": 3600,
            "name": "kubeLambda",
            "name_prefix": null,
            "path": "/",
            "permissions_boundary": null,
            "tags": null,
            "tags_all": {},
            "unique_id": "AROAT24D65KQ2IJC4QRX7"
          },
          "sensitive_attributes": [],
          "private": "bnVsbA=="
        }
      ]
    },
    {
      "mode": "managed",
      "type": "aws_iam_role_policy_attachment",
      "name": "EKSServiceRoleAttachmentsCluster",
      "provider": "provider[\"registry.terraform.io/hashicorp/aws\"]",
      "instances": [
        {
          "schema_version": 0,
          "attributes": {
            "id": "EKSServiceRole-2021080923183640920000000e",
            "policy_arn": "arn:aws:iam::aws:policy/AmazonEKSClusterPolicy",
            "role": "EKSServiceRole"
          },
          "sensitive_attributes": [],
          "private": "bnVsbA==",
          "dependencies": [
            "aws_iam_role.EKSServiceRole"
          ]
        }
      ]
    },
    {
      "mode": "managed",
      "type": "aws_iam_role_policy_attachment",
      "name": "EKSServiceRoleAttachmentsService",
      "provider": "provider[\"registry.terraform.io/hashicorp/aws\"]",
      "instances": [
        {
          "schema_version": 0,
          "attributes": {
            "id": "EKSServiceRole-2021080923183608270000000b",
            "policy_arn": "arn:aws:iam::aws:policy/AmazonEKSServicePolicy",
            "role": "EKSServiceRole"
          },
          "sensitive_attributes": [],
          "private": "bnVsbA==",
          "dependencies": [
            "aws_iam_role.EKSServiceRole"
          ]
        }
      ]
    },
    {
      "mode": "managed",
      "type": "aws_iam_role_policy_attachment",
      "name": "kubeLambdaEKSFullAccess",
      "provider": "provider[\"registry.terraform.io/hashicorp/aws\"]",
      "instances": [
        {
          "schema_version": 0,
          "attributes": {
            "id": "kubeLambda-2021080923183643430000000f",
            "policy_arn": "arn:aws:iam::263880370849:policy/EKSFullAccess",
            "role": "kubeLambda"
          },
          "sensitive_attributes": [],
          "private": "bnVsbA==",
          "dependencies": [
            "aws_iam_policy.EKSFullAccess",
            "aws_iam_role.kubeLambda",
            "data.aws_iam_policy_document.EKSFullAccess"
          ]
        }
      ]
    },
    {
      "mode": "managed",
      "type": "aws_iam_role_policy_attachment",
      "name": "kubeLambdaLambda",
      "provider": "provider[\"registry.terraform.io/hashicorp/aws\"]",
      "instances": [
        {
          "schema_version": 0,
          "attributes": {
            "id": "kubeLambda-2021080923183640920000000d",
            "policy_arn": "arn:aws:iam::aws:policy/service-role/AWSLambdaBasicExecutionRole",
            "role": "kubeLambda"
          },
          "sensitive_attributes": [],
          "private": "bnVsbA==",
          "dependencies": [
            "aws_iam_role.kubeLambda"
          ]
        }
      ]
    },
    {
      "mode": "managed",
      "type": "aws_iam_role_policy_attachment",
      "name": "kubeLambdaServerless",
      "provider": "provider[\"registry.terraform.io/hashicorp/aws\"]",
      "instances": [
        {
          "schema_version": 0,
          "attributes": {
            "id": "kubeLambda-2021080923183639640000000c",
            "policy_arn": "arn:aws:iam::263880370849:policy/Serverless",
            "role": "kubeLambda"
          },
          "sensitive_attributes": [],
          "private": "bnVsbA==",
          "dependencies": [
            "aws_iam_policy.Serverless",
            "aws_iam_role.kubeLambda",
            "data.aws_iam_policy_document.Serverless"
          ]
        }
      ]
    },
    {
      "mode": "managed",
      "type": "aws_iam_user",
      "name": "eksdude",
      "provider": "provider[\"registry.terraform.io/hashicorp/aws\"]",
      "instances": [
        {
          "schema_version": 0,
          "attributes": {
            "arn": "arn:aws:iam::263880370849:user/eksdude",
            "force_destroy": true,
            "id": "eksdude",
            "name": "eksdude",
            "path": "/",
            "permissions_boundary": null,
            "tags": null,
            "tags_all": {},
            "unique_id": "AIDAT24D65KQ557LK7T53"
          },
          "sensitive_attributes": [],
          "private": "bnVsbA=="
        }
      ]
    },
    {
      "mode": "managed",
      "type": "aws_iam_user_group_membership",
      "name": "eksdude",
      "provider": "provider[\"registry.terraform.io/hashicorp/aws\"]",
      "instances": [
        {
          "schema_version": 0,
          "attributes": {
            "groups": [
              "EKSDemoGroup"
            ],
            "id": "terraform-20210809231835686700000008",
            "user": "eksdude"
          },
          "sensitive_attributes": [],
          "private": "bnVsbA==",
          "dependencies": [
            "aws_iam_group.EKSDemoGroup",
            "aws_iam_user.eksdude"
          ]
        }
      ]
    },
    {
      "mode": "managed",
      "type": "aws_iam_user_login_profile",
      "name": "eksdude",
      "provider": "provider[\"registry.terraform.io/hashicorp/aws\"]",
      "instances": [
        {
          "schema_version": 0,
          "attributes": {
            "encrypted_password": "wcDMAwowjc+1DMg4AQwAXX5qz2cJqLI2IsdgysKrRaLTLxn6DcHaRtVbkrfTuLxqPwos0PMobJPAyh+rFV51uI4I6V3xsXx4KfRsp0iwUDJwdr6b4prxTCb6nYK1COJSssDhiA6tNrrfetHmlt/ufqIWcuiL3TDYHbnlf/Pw4hvB1ZHg2q8TTrTjgjJ2veiDAeLBesxv/i5k1Df4Vle8Q70F7t+xD9785Va//reTutdORC4HhU5l+iqaU/T6eIzG1oZR36pP8I27vFM0YXxW/CoL6C9NpbTbfYj0QXVEPE6oHq0pbGsrMj5c/KKTXz99W7py1/g14zPbvEpc3ta9TX8T3qHi6+5YGBsGZ+CmjdJZtxnASMvjj0jXLLbo7E8qcVSM8ch9pWLY92A+Q/AcVp+Ff4sxbDjI7QQxXzxT2engs3VKI4wCs6uG3S3bri7/BfA0+pt8KLA03A8D0fychA8A1tsa6ds99VCg20c2gcphDsS3NrmpInOqjiYjsYBaJgTKrgQ2nzi1dpazcqNa0uAB5JbPjqXKc1I8C+f+I7gBIhThaKvgKOAl4eiX4IviBiVYEODv4zSv3eSb26PO4AXhzCrgh+RSyg5QJJeX4dLoBW7HWAKq4reMno3hbygA",
            "id": "eksdude",
            "key_fingerprint": "5a5c30c4006209dc9d476a40ef2b6a1758dac620",
            "password_length": 10,
            "password_reset_required": true,
            "pgp_key": "mQGNBGERf5YBDADVy/6MuSisdowZ4HHuFC1EFSIdRGBFdeZh6WdyRDue3srhTc5Oz0NoagbCr5+ohrJNWB8nG6NtZVJ1ihzbcDUqyjFPiqVUuPzafzkXGTuHni6FYyjWM7VEfxQiWyTrUcqI2bysEljPIR0pU5rU/tLLVu3O9vNM73/Mm4WF1VvcojL89mtrPclboDDUJLDpJkbNaAJ63PxsnmQRRiEVGCqmJsYVEKUQQnqV30NlgYGjiSsyIYQelh7yl8CjeeNtKJPVzBDTskZCn42mVjQwLm7SoqJI3eaehVPJ7bl79KxcIb0SAqZEhz8XnWUcU4Nktx2AQQpeyvKE55d19mXT5aWe8h/kak0uIsSSFVdzKFxr/ZWBhjUQtExRbA+6q0od/l0jffRNS5KntmfoXUtUll8sApQHho55atOIkZVmyzWjIJ6wNyLL1+ZlQkgaLi8C/uUrdwKdByvlUCdXJbtodsz0iKTbI1N2YmE7FERZxERBOKHIp+fABF0ljQAxvsmrjZ8AEQEAAbQoTGVvIFRpdW5uIChFS1MgZGVtbykgPGNoaWhzaHVuQGxpdmUuY29tPokBzgQTAQoAOBYhBFpcMMQAYgncnUdqQO8rahdY2sYgBQJhEX+WAhsDBQsJCAcCBhUKCQgLAgQWAgMBAh4BAheAAAoJEO8rahdY2sYgOyoMAME1IRk/o+vcbiSk5pc/yIk98Z5okKVR2E3EEsElXtuBbHMgDrqnCsNxTuHbSIY0UHpKohmv12Zute3vigClh4Eo7BnHLUPmZ379oVhinORi9CXO9gcGMAKN/2pA4W82KGWDEqu2goSn90dANy88NMrjK7RJyYPgd9q+UI3YIA7zPIShhfcwm90UdoR196UXd7puXCLoyOpT8LBTQhxpW79rekrsqGySBXYLXT4LW6BvaIWbuqqXqfjqxJw+C8dgTORhhHadVsjBjlY/Byvb4jd3hdKnPrSFA3Tr8Mj+CWXlOhIqtoe2hBldW+0JKD4qrVrHmA2Bg9BBKSgUCFfT7vZvYbQOBnyZ7Q32Rza66ZzzLflwxynTtosS1R7qz3knWOj1JaOykd6R3yuKJIaqAeGZ+6UGxKL5P7XJhmsAGPYLmuDjqrzx5kMP40a9LNoOQ98Y6a4ygcrLbwc4/43vdyjv/lAa9SWfZM9pErGeoh3wHKj0XHUnrcjEXrpV1hAnS7kBjQRhEX+WAQwAyxsHoA2VRnM6t3sZsjlcyO9TFt7+VrtRjsaiDJlrGmyI+B3fx4kO5qNK+Jb/mXJcRBF5hN6gSxGvdo7nVuAVnM7REm1SMkJe/JFg34X4a5Rizx1dfh+TL4G7vBvO9Han4TsnsJ7qxd9qrwSzUGe4jZG8LEsdsb/u8ZIPMYnLKZ5FBK2JaeOSxW6TjegQ/FghecyM4QU6J/8RaFCE5QioNIfmsOqwq2HgczMmEewjN4RW+gCJf49TteKC5CNUQjIUc53eKJezEGt9HmYruLZd8rZcGidME5crDbt/Ha7gbi6ol0IVA1DFYFWVxj2Yrpq3hPVTniY5TEHU4eQiDHpjHpzrFarrtqE7XmeD61oPqnV6vGN0gkgDhWLZDtvABVlAAK7PkHA4W8BOowrOycnJfXBAgMk3gy3ZZwsswjuPKrZPfm3XEWgq9rqJJXL3fQzgk3mEtC91WAzdMegrKNam/4sXIgKsNgt6Ky/FoUSll2UDDWXGIqmQwOHSwW0ujmknABEBAAGJAbYEGAEKACAWIQRaXDDEAGIJ3J1HakDvK2oXWNrGIAUCYRF/lgIbDAAKCRDvK2oXWNrGIGXjDAC5iPr/zm4PukXSUncWZHg08KPbQgIUbEx2Be0uPnz3bIzf1ZCIy3WMuixO1ohwveJH/0ncKJ3E+yTvnkpaAwEfIbCxe11vhu8gRoNBjGSkVkvMJhQt5sTGa4kv3mHrd8gNMJzB/enZHxoUZuQaT7fEq3YJJFsySnlF96Ps1wFHqyS0H3SLiPX5wA9mSUTs5oQSgzGwhKAZLY+DjP1n3Vc9Pf9hsBhEEwweYqUV7cqUJHcO8eMV5mHigCMcjWdXmXI4BQSG09iqBYgzbdFJzIDRCFQhc0FQe4LXWGNGEEeZkDHQocmdHpyptOiv0T96soE3b8TbxT4uhAkaaXqmQtSoHxgG9hAfKRg6rGPx9B4m+eI1fc6DURv7JgZG5LBdJL5DRNH3rlrB4ayZE8U+Fhi91w79Vv1pEOzL3Dx9dRgNpz7OQhbbBbRX88vuURxLyWahRtP3Uv3PeksLHWx8Qa74NZRkkdo4PjL94bubICzxUEFxWp01HpulbeifuExaXlc=",
            "user": "eksdude"
          },
          "sensitive_attributes": [],
          "private": "bnVsbA==",
          "dependencies": [
            "aws_iam_user.eksdude"
          ]
        }
      ]
    },
    {
      "mode": "managed",
      "type": "aws_iam_user_policy",
      "name": "eksdude",
      "provider": "provider[\"registry.terraform.io/hashicorp/aws\"]",
      "instances": [
        {
          "schema_version": 0,
          "attributes": {
            "id": "eksdude:ConsolePolicy",
            "name": "ConsolePolicy",
            "name_prefix": null,
            "policy": "{\n  \"Version\": \"2012-10-17\",\n  \"Statement\": [\n    {\n      \"Sid\": \"\",\n      \"Effect\": \"Allow\",\n      \"Action\": [\n        \"iam:GetAccountPasswordPolicy\",\n        \"iam:ChangePassword\"\n      ],\n      \"Resource\": \"arn:aws:iam::263880370849:user/eksdude\"\n    }\n  ]\n}",
            "user": "eksdude"
          },
          "sensitive_attributes": [],
          "private": "bnVsbA==",
          "dependencies": [
            "aws_iam_user.eksdude",
            "data.aws_caller_identity.current",
            "data.aws_iam_policy_document.eksdude"
          ]
        }
      ]
    }
  ]
}
